
Microsoft Visual Studio Solution File, Format Version 12.00
# Visual Studio Version 17
VisualStudioVersion = 17.3.32611.2
MinimumVisualStudioVersion = 10.0.40219.1
Project("{8BC9CEB8-8B4A-11D0-8D11-00A0C91BC942}") = "MathClient", "MathClient\MathClient.vcxproj", "{D7682118-B6DB-4982-B957-32D455632148}"
EndProject
Project("{8BC9CEB8-8B4A-11D0-8D11-00A0C91BC942}") = "MathLibrary", "MathLibrary\MathLibrary.vcxproj", "{F018F87E-F29D-4814-8A5C-B393C8BF0534}"
EndProject
Global
	GlobalSection(SolutionConfigurationPlatforms) = preSolution
		Debug|ARM64EC = Debug|ARM64EC
		Debug|x64 = Debug|x64
		Debug|x86 = Debug|x86
		Release|ARM64EC = Release|ARM64EC
		Release|x64 = Release|x64
		Release|x86 = Release|x86
	EndGlobalSection
	GlobalSection(ProjectConfigurationPlatforms) = postSolution
		{D7682118-B6DB-4982-B957-32D455632148}.Debug|ARM64EC.ActiveCfg = Debug|ARM64EC
		{D7682118-B6DB-4982-B957-32D455632148}.Debug|ARM64EC.Build.0 = Debug|ARM64EC
		{D7682118-B6DB-4982-B957-32D455632148}.Debug|x64.ActiveCfg = Debug|x64
		{D7682118-B6DB-4982-B957-32D455632148}.Debug|x64.Build.0 = Debug|x64
		{D7682118-B6DB-4982-B957-32D455632148}.Debug|x86.ActiveCfg = Debug|Win32
		{D7682118-B6DB-4982-B957-32D455632148}.Debug|x86.Build.0 = Debug|Win32
		{D7682118-B6DB-4982-B957-32D455632148}.Release|ARM64EC.ActiveCfg = Release|ARM64EC
		{D7682118-B6DB-4982-B957-32D455632148}.Release|ARM64EC.Build.0 = Release|ARM64EC
		{D7682118-B6DB-4982-B957-32D455632148}.Release|x64.ActiveCfg = Release|x64
		{D7682118-B6DB-4982-B957-32D455632148}.Release|x64.Build.0 = Release|x64
		{D7682118-B6DB-4982-B957-32D455632148}.Release|x86.ActiveCfg = Release|Win32
		{D7682118-B6DB-4982-B957-32D455632148}.Release|x86.Build.0 = Release|Win32
		{F018F87E-F29D-4814-8A5C-B393C8BF0534}.Debug|ARM64EC.ActiveCfg = Debug|x64
		{F018F87E-F29D-4814-8A5C-B393C8BF0534}.Debug|ARM64EC.Build.0 = Debug|x64
		{F018F87E-F29D-4814-8A5C-B393C8BF0534}.Debug|x64.ActiveCfg = Debug|ARM64EC
		{F018F87E-F29D-4814-8A5C-B393C8BF0534}.Debug|x64.Build.0 = Debug|ARM64EC
		{F018F87E-F29D-4814-8A5C-B393C8BF0534}.Debug|x86.ActiveCfg = Debug|Win32
		{F018F87E-F29D-4814-8A5C-B393C8BF0534}.Debug|x86.Build.0 = Debug|Win32
		{F018F87E-F29D-4814-8A5C-B393C8BF0534}.Release|ARM64EC.ActiveCfg = Release|x64
		{F018F87E-F29D-4814-8A5C-B393C8BF0534}.Release|ARM64EC.Build.0 = Release|x64
		{F018F87E-F29D-4814-8A5C-B393C8BF0534}.Release|x64.ActiveCfg = Release|x64
		{F018F87E-F29D-4814-8A5C-B393C8BF0534}.Release|x64.Build.0 = Release|x64
		{F018F87E-F29D-4814-8A5C-B393C8BF0534}.Release|x86.ActiveCfg = Release|Win32
		{F018F87E-F29D-4814-8A5C-B393C8BF0534}.Release|x86.Build.0 = Release|Win32
	EndGlobalSection
	GlobalSection(SolutionProperties) = preSolution
		HideSolutionNode = FALSE
	EndGlobalSection
	GlobalSection(ExtensibilityGlobals) = postSolution
		SolutionGuid = {1F652B1E-9640-4FA4-B81D-B0658D085851}
	EndGlobalSection
EndGlobal
